<?xml version="1.0" encoding="UTF-8"?>
<!DOCTYPE plist PUBLIC "-//Apple//DTD PLIST 1.0//EN" "http://www.apple.com/DTDs/PropertyList-1.0.dtd">
<plist version="1.0">
<dict>
	<key>archiveVersion</key>
	<string>1</string>
	<key>classes</key>
	<dict/>
	<key>objectVersion</key>
	<string>46</string>
	<key>objects</key>
	<dict>
		<key>27924284C724403C9FDAAD60</key>
		<dict>
			<key>includeInIndex</key>
			<string>1</string>
			<key>isa</key>
			<string>PBXFileReference</string>
			<key>lastKnownFileType</key>
			<string>text.xcconfig</string>
			<key>name</key>
			<string>Pods.xcconfig</string>
			<key>path</key>
			<string>Pods/Pods.xcconfig</string>
			<key>sourceTree</key>
			<string>&lt;group&gt;</string>
		</dict>
		<key>2ABD9E847C314E028B0C1ACC</key>
		<dict>
			<key>explicitFileType</key>
			<string>archive.ar</string>
			<key>includeInIndex</key>
			<string>0</string>
			<key>isa</key>
			<string>PBXFileReference</string>
			<key>path</key>
			<string>libPods.a</string>
			<key>sourceTree</key>
			<string>BUILT_PRODUCTS_DIR</string>
		</dict>
		<key>3875FBB4995643DB952FC3B5</key>
		<dict>
			<key>buildActionMask</key>
			<string>2147483647</string>
			<key>files</key>
			<array/>
			<key>inputPaths</key>
			<array/>
			<key>isa</key>
			<string>PBXShellScriptBuildPhase</string>
			<key>name</key>
			<string>Copy Pods Resources</string>
			<key>outputPaths</key>
			<array/>
			<key>runOnlyForDeploymentPostprocessing</key>
			<string>0</string>
			<key>shellPath</key>
			<string>/bin/sh</string>
			<key>shellScript</key>
			<string>"${SRCROOT}/Pods/Pods-resources.sh"
</string>
			<key>showEnvVarsInLog</key>
			<string>0</string>
		</dict>
		<key>50B83DAF02EB4268B9912154</key>
		<dict>
			<key>fileRef</key>
			<string>2ABD9E847C314E028B0C1ACC</string>
			<key>isa</key>
			<string>PBXBuildFile</string>
		</dict>
		<key>8F6858B418AE216C0056D91D</key>
		<dict>
			<key>children</key>
			<array>
				<string>8F6858C618AE216C0056D91D</string>
				<string>8F6858E518AE216D0056D91D</string>
				<string>8F6858BF18AE216C0056D91D</string>
				<string>8F6858BE18AE216C0056D91D</string>
				<string>27924284C724403C9FDAAD60</string>
			</array>
			<key>isa</key>
			<string>PBXGroup</string>
			<key>sourceTree</key>
			<string>&lt;group&gt;</string>
		</dict>
		<key>8F6858B518AE216C0056D91D</key>
		<dict>
			<key>attributes</key>
			<dict>
				<key>CLASSPREFIX</key>
				<string>PTS</string>
				<key>LastUpgradeCheck</key>
				<string>0500</string>
				<key>ORGANIZATIONNAME</key>
				<string>Toshiki Chiba</string>
				<key>TargetAttributes</key>
				<dict>
					<key>8F6858BC18AE216C0056D91D</key>
					<dict>
						<key>DevelopmentTeam</key>
						<string>6EC83W22VX</string>
					</dict>
					<key>8F6858DD18AE216D0056D91D</key>
					<dict>
						<key>TestTargetID</key>
						<string>8F6858BC18AE216C0056D91D</string>
					</dict>
				</dict>
			</dict>
			<key>buildConfigurationList</key>
			<string>8F6858B818AE216C0056D91D</string>
			<key>compatibilityVersion</key>
			<string>Xcode 3.2</string>
			<key>developmentRegion</key>
			<string>English</string>
			<key>hasScannedForEncodings</key>
			<string>0</string>
			<key>isa</key>
			<string>PBXProject</string>
			<key>knownRegions</key>
			<array>
				<string>en</string>
				<string>Base</string>
			</array>
			<key>mainGroup</key>
			<string>8F6858B418AE216C0056D91D</string>
			<key>productRefGroup</key>
			<string>8F6858BE18AE216C0056D91D</string>
			<key>projectDirPath</key>
			<string></string>
			<key>projectReferences</key>
			<array/>
			<key>projectRoot</key>
			<string></string>
			<key>targets</key>
			<array>
				<string>8F6858BC18AE216C0056D91D</string>
				<string>8F6858DD18AE216D0056D91D</string>
			</array>
		</dict>
		<key>8F6858B818AE216C0056D91D</key>
		<dict>
			<key>buildConfigurations</key>
			<array>
				<string>8F6858ED18AE216D0056D91D</string>
				<string>8F6858EE18AE216D0056D91D</string>
			</array>
			<key>defaultConfigurationIsVisible</key>
			<string>0</string>
			<key>defaultConfigurationName</key>
			<string>Release</string>
			<key>isa</key>
			<string>XCConfigurationList</string>
		</dict>
		<key>8F6858B918AE216C0056D91D</key>
		<dict>
			<key>buildActionMask</key>
			<string>2147483647</string>
			<key>files</key>
			<array>
				<string>8F6858D718AE216D0056D91D</string>
				<string>8F68590B18AE3BEB0056D91D</string>
				<string>8F68590718AE3BA40056D91D</string>
				<string>8F68590318AE29850056D91D</string>
				<string>8F6858FC18AE272D0056D91D</string>
				<string>8F6858D118AE216D0056D91D</string>
				<string>8F6858CD18AE216D0056D91D</string>
				<string>8F6858F918AE271A0056D91D</string>
			</array>
			<key>isa</key>
			<string>PBXSourcesBuildPhase</string>
			<key>runOnlyForDeploymentPostprocessing</key>
			<string>0</string>
		</dict>
		<key>8F6858BA18AE216C0056D91D</key>
		<dict>
			<key>buildActionMask</key>
			<string>2147483647</string>
			<key>files</key>
			<array>
				<string>8F6858F618AE217E0056D91D</string>
				<string>8F6858C318AE216C0056D91D</string>
				<string>8F6858C518AE216C0056D91D</string>
				<string>8F6858C118AE216C0056D91D</string>
				<string>50B83DAF02EB4268B9912154</string>
			</array>
			<key>isa</key>
			<string>PBXFrameworksBuildPhase</string>
			<key>runOnlyForDeploymentPostprocessing</key>
			<string>0</string>
		</dict>
		<key>8F6858BB18AE216C0056D91D</key>
		<dict>
			<key>buildActionMask</key>
			<string>2147483647</string>
			<key>files</key>
			<array>
				<string>8F6858D918AE216D0056D91D</string>
				<string>8F6858CB18AE216C0056D91D</string>
				<string>8F6858D418AE216D0056D91D</string>
			</array>
			<key>isa</key>
			<string>PBXResourcesBuildPhase</string>
			<key>runOnlyForDeploymentPostprocessing</key>
			<string>0</string>
		</dict>
		<key>8F6858BC18AE216C0056D91D</key>
		<dict>
			<key>buildConfigurationList</key>
			<string>8F6858EF18AE216D0056D91D</string>
			<key>buildPhases</key>
			<array>
				<string>D9F5C767304B4ADB958806A5</string>
				<string>8F6858B918AE216C0056D91D</string>
				<string>8F6858BA18AE216C0056D91D</string>
				<string>8F6858BB18AE216C0056D91D</string>
				<string>3875FBB4995643DB952FC3B5</string>
			</array>
			<key>buildRules</key>
			<array/>
			<key>dependencies</key>
			<array/>
			<key>isa</key>
			<string>PBXNativeTarget</string>
			<key>name</key>
			<string>PutTheSound</string>
			<key>productName</key>
			<string>PutTheSound</string>
			<key>productReference</key>
			<string>8F6858BD18AE216C0056D91D</string>
			<key>productType</key>
			<string>com.apple.product-type.application</string>
		</dict>
		<key>8F6858BD18AE216C0056D91D</key>
		<dict>
			<key>explicitFileType</key>
			<string>wrapper.application</string>
			<key>includeInIndex</key>
			<string>0</string>
			<key>isa</key>
			<string>PBXFileReference</string>
			<key>path</key>
			<string>PutTheSound.app</string>
			<key>sourceTree</key>
			<string>BUILT_PRODUCTS_DIR</string>
		</dict>
		<key>8F6858BE18AE216C0056D91D</key>
		<dict>
			<key>children</key>
			<array>
				<string>8F6858BD18AE216C0056D91D</string>
				<string>8F6858DE18AE216D0056D91D</string>
			</array>
			<key>isa</key>
			<string>PBXGroup</string>
			<key>name</key>
			<string>Products</string>
			<key>sourceTree</key>
			<string>&lt;group&gt;</string>
		</dict>
		<key>8F6858BF18AE216C0056D91D</key>
		<dict>
			<key>children</key>
			<array>
				<string>8F6858F518AE217D0056D91D</string>
				<string>8F6858C018AE216C0056D91D</string>
				<string>8F6858C218AE216C0056D91D</string>
				<string>8F6858C418AE216C0056D91D</string>
				<string>8F6858DF18AE216D0056D91D</string>
				<string>2ABD9E847C314E028B0C1ACC</string>
			</array>
			<key>isa</key>
			<string>PBXGroup</string>
			<key>name</key>
			<string>Frameworks</string>
			<key>sourceTree</key>
			<string>&lt;group&gt;</string>
		</dict>
		<key>8F6858C018AE216C0056D91D</key>
		<dict>
			<key>isa</key>
			<string>PBXFileReference</string>
			<key>lastKnownFileType</key>
			<string>wrapper.framework</string>
			<key>name</key>
			<string>Foundation.framework</string>
			<key>path</key>
			<string>System/Library/Frameworks/Foundation.framework</string>
			<key>sourceTree</key>
			<string>SDKROOT</string>
		</dict>
		<key>8F6858C118AE216C0056D91D</key>
		<dict>
			<key>fileRef</key>
			<string>8F6858C018AE216C0056D91D</string>
			<key>isa</key>
			<string>PBXBuildFile</string>
		</dict>
		<key>8F6858C218AE216C0056D91D</key>
		<dict>
			<key>isa</key>
			<string>PBXFileReference</string>
			<key>lastKnownFileType</key>
			<string>wrapper.framework</string>
			<key>name</key>
			<string>CoreGraphics.framework</string>
			<key>path</key>
			<string>System/Library/Frameworks/CoreGraphics.framework</string>
			<key>sourceTree</key>
			<string>SDKROOT</string>
		</dict>
		<key>8F6858C318AE216C0056D91D</key>
		<dict>
			<key>fileRef</key>
			<string>8F6858C218AE216C0056D91D</string>
			<key>isa</key>
			<string>PBXBuildFile</string>
		</dict>
		<key>8F6858C418AE216C0056D91D</key>
		<dict>
			<key>isa</key>
			<string>PBXFileReference</string>
			<key>lastKnownFileType</key>
			<string>wrapper.framework</string>
			<key>name</key>
			<string>UIKit.framework</string>
			<key>path</key>
			<string>System/Library/Frameworks/UIKit.framework</string>
			<key>sourceTree</key>
			<string>SDKROOT</string>
		</dict>
		<key>8F6858C518AE216C0056D91D</key>
		<dict>
			<key>fileRef</key>
			<string>8F6858C418AE216C0056D91D</string>
			<key>isa</key>
			<string>PBXBuildFile</string>
		</dict>
		<key>8F6858C618AE216C0056D91D</key>
		<dict>
			<key>children</key>
			<array>
				<string>8F68590418AE3B990056D91D</string>
				<string>8F68590018AE29710056D91D</string>
				<string>8F6858FF18AE27510056D91D</string>
				<string>8F6858FE18AE27450056D91D</string>
				<string>8F6858FD18AE27330056D91D</string>
				<string>8F6858CF18AE216D0056D91D</string>
				<string>8F6858D018AE216D0056D91D</string>
				<string>8F6858D218AE216D0056D91D</string>
				<string>8F6858D818AE216D0056D91D</string>
				<string>8F6858C718AE216C0056D91D</string>
			</array>
			<key>isa</key>
			<string>PBXGroup</string>
			<key>path</key>
			<string>PutTheSound</string>
			<key>sourceTree</key>
			<string>&lt;group&gt;</string>
		</dict>
		<key>8F6858C718AE216C0056D91D</key>
		<dict>
			<key>children</key>
			<array>
				<string>8F6858C818AE216C0056D91D</string>
				<string>8F6858C918AE216C0056D91D</string>
				<string>8F6858CC18AE216D0056D91D</string>
				<string>8F6858CE18AE216D0056D91D</string>
			</array>
			<key>isa</key>
			<string>PBXGroup</string>
			<key>name</key>
			<string>Supporting Files</string>
			<key>sourceTree</key>
			<string>&lt;group&gt;</string>
		</dict>
		<key>8F6858C818AE216C0056D91D</key>
		<dict>
			<key>isa</key>
			<string>PBXFileReference</string>
			<key>lastKnownFileType</key>
			<string>text.plist.xml</string>
			<key>path</key>
			<string>PutTheSound-Info.plist</string>
			<key>sourceTree</key>
			<string>&lt;group&gt;</string>
		</dict>
		<key>8F6858C918AE216C0056D91D</key>
		<dict>
			<key>children</key>
			<array>
				<string>8F6858CA18AE216C0056D91D</string>
			</array>
			<key>isa</key>
			<string>PBXVariantGroup</string>
			<key>name</key>
			<string>InfoPlist.strings</string>
			<key>sourceTree</key>
			<string>&lt;group&gt;</string>
		</dict>
		<key>8F6858CA18AE216C0056D91D</key>
		<dict>
			<key>isa</key>
			<string>PBXFileReference</string>
			<key>lastKnownFileType</key>
			<string>text.plist.strings</string>
			<key>name</key>
			<string>en</string>
			<key>path</key>
			<string>en.lproj/InfoPlist.strings</string>
			<key>sourceTree</key>
			<string>&lt;group&gt;</string>
		</dict>
		<key>8F6858CB18AE216C0056D91D</key>
		<dict>
			<key>fileRef</key>
			<string>8F6858C918AE216C0056D91D</string>
			<key>isa</key>
			<string>PBXBuildFile</string>
		</dict>
		<key>8F6858CC18AE216D0056D91D</key>
		<dict>
			<key>isa</key>
			<string>PBXFileReference</string>
			<key>lastKnownFileType</key>
			<string>sourcecode.c.objc</string>
			<key>path</key>
			<string>main.m</string>
			<key>sourceTree</key>
			<string>&lt;group&gt;</string>
		</dict>
		<key>8F6858CD18AE216D0056D91D</key>
		<dict>
			<key>fileRef</key>
			<string>8F6858CC18AE216D0056D91D</string>
			<key>isa</key>
			<string>PBXBuildFile</string>
		</dict>
		<key>8F6858CE18AE216D0056D91D</key>
		<dict>
			<key>isa</key>
			<string>PBXFileReference</string>
			<key>lastKnownFileType</key>
			<string>sourcecode.c.h</string>
			<key>path</key>
			<string>PutTheSound-Prefix.pch</string>
			<key>sourceTree</key>
			<string>&lt;group&gt;</string>
		</dict>
		<key>8F6858CF18AE216D0056D91D</key>
		<dict>
			<key>isa</key>
			<string>PBXFileReference</string>
			<key>lastKnownFileType</key>
			<string>sourcecode.c.h</string>
			<key>path</key>
			<string>PTSAppDelegate.h</string>
			<key>sourceTree</key>
			<string>&lt;group&gt;</string>
		</dict>
		<key>8F6858D018AE216D0056D91D</key>
		<dict>
			<key>isa</key>
			<string>PBXFileReference</string>
			<key>lastKnownFileType</key>
			<string>sourcecode.c.objc</string>
			<key>path</key>
			<string>PTSAppDelegate.m</string>
			<key>sourceTree</key>
			<string>&lt;group&gt;</string>
		</dict>
		<key>8F6858D118AE216D0056D91D</key>
		<dict>
			<key>fileRef</key>
			<string>8F6858D018AE216D0056D91D</string>
			<key>isa</key>
			<string>PBXBuildFile</string>
		</dict>
		<key>8F6858D218AE216D0056D91D</key>
		<dict>
			<key>children</key>
			<array>
				<string>8F6858D318AE216D0056D91D</string>
			</array>
			<key>isa</key>
			<string>PBXVariantGroup</string>
			<key>name</key>
			<string>Main.storyboard</string>
			<key>sourceTree</key>
			<string>&lt;group&gt;</string>
		</dict>
		<key>8F6858D318AE216D0056D91D</key>
		<dict>
			<key>isa</key>
			<string>PBXFileReference</string>
			<key>lastKnownFileType</key>
			<string>file.storyboard</string>
			<key>name</key>
			<string>Base</string>
			<key>path</key>
			<string>Base.lproj/Main.storyboard</string>
			<key>sourceTree</key>
			<string>&lt;group&gt;</string>
		</dict>
		<key>8F6858D418AE216D0056D91D</key>
		<dict>
			<key>fileRef</key>
			<string>8F6858D218AE216D0056D91D</string>
			<key>isa</key>
			<string>PBXBuildFile</string>
		</dict>
		<key>8F6858D518AE216D0056D91D</key>
		<dict>
			<key>isa</key>
			<string>PBXFileReference</string>
			<key>lastKnownFileType</key>
			<string>sourcecode.c.h</string>
			<key>path</key>
			<string>PTSViewController.h</string>
			<key>sourceTree</key>
			<string>&lt;group&gt;</string>
		</dict>
		<key>8F6858D618AE216D0056D91D</key>
		<dict>
			<key>isa</key>
			<string>PBXFileReference</string>
			<key>lastKnownFileType</key>
			<string>sourcecode.c.objc</string>
			<key>path</key>
			<string>PTSViewController.m</string>
			<key>sourceTree</key>
			<string>&lt;group&gt;</string>
		</dict>
		<key>8F6858D718AE216D0056D91D</key>
		<dict>
			<key>fileRef</key>
			<string>8F6858D618AE216D0056D91D</string>
			<key>isa</key>
			<string>PBXBuildFile</string>
		</dict>
		<key>8F6858D818AE216D0056D91D</key>
		<dict>
			<key>isa</key>
			<string>PBXFileReference</string>
			<key>lastKnownFileType</key>
			<string>folder.assetcatalog</string>
			<key>path</key>
			<string>Images.xcassets</string>
			<key>sourceTree</key>
			<string>&lt;group&gt;</string>
		</dict>
		<key>8F6858D918AE216D0056D91D</key>
		<dict>
			<key>fileRef</key>
			<string>8F6858D818AE216D0056D91D</string>
			<key>isa</key>
			<string>PBXBuildFile</string>
		</dict>
		<key>8F6858DA18AE216D0056D91D</key>
		<dict>
			<key>buildActionMask</key>
			<string>2147483647</string>
			<key>files</key>
			<array>
				<string>8F6858EC18AE216D0056D91D</string>
			</array>
			<key>isa</key>
			<string>PBXSourcesBuildPhase</string>
			<key>runOnlyForDeploymentPostprocessing</key>
			<string>0</string>
		</dict>
		<key>8F6858DB18AE216D0056D91D</key>
		<dict>
			<key>buildActionMask</key>
			<string>2147483647</string>
			<key>files</key>
			<array>
				<string>8F6858E018AE216D0056D91D</string>
				<string>8F6858E218AE216D0056D91D</string>
				<string>8F6858E118AE216D0056D91D</string>
			</array>
			<key>isa</key>
			<string>PBXFrameworksBuildPhase</string>
			<key>runOnlyForDeploymentPostprocessing</key>
			<string>0</string>
		</dict>
		<key>8F6858DC18AE216D0056D91D</key>
		<dict>
			<key>buildActionMask</key>
			<string>2147483647</string>
			<key>files</key>
			<array>
				<string>8F6858EA18AE216D0056D91D</string>
			</array>
			<key>isa</key>
			<string>PBXResourcesBuildPhase</string>
			<key>runOnlyForDeploymentPostprocessing</key>
			<string>0</string>
		</dict>
		<key>8F6858DD18AE216D0056D91D</key>
		<dict>
			<key>buildConfigurationList</key>
			<string>8F6858F218AE216D0056D91D</string>
			<key>buildPhases</key>
			<array>
				<string>8F6858DA18AE216D0056D91D</string>
				<string>8F6858DB18AE216D0056D91D</string>
				<string>8F6858DC18AE216D0056D91D</string>
			</array>
			<key>buildRules</key>
			<array/>
			<key>dependencies</key>
			<array>
				<string>8F6858E418AE216D0056D91D</string>
			</array>
			<key>isa</key>
			<string>PBXNativeTarget</string>
			<key>name</key>
			<string>PutTheSoundTests</string>
			<key>productName</key>
			<string>PutTheSoundTests</string>
			<key>productReference</key>
			<string>8F6858DE18AE216D0056D91D</string>
			<key>productType</key>
			<string>com.apple.product-type.bundle.unit-test</string>
		</dict>
		<key>8F6858DE18AE216D0056D91D</key>
		<dict>
			<key>explicitFileType</key>
			<string>wrapper.cfbundle</string>
			<key>includeInIndex</key>
			<string>0</string>
			<key>isa</key>
			<string>PBXFileReference</string>
			<key>path</key>
			<string>PutTheSoundTests.xctest</string>
			<key>sourceTree</key>
			<string>BUILT_PRODUCTS_DIR</string>
		</dict>
		<key>8F6858DF18AE216D0056D91D</key>
		<dict>
			<key>isa</key>
			<string>PBXFileReference</string>
			<key>lastKnownFileType</key>
			<string>wrapper.framework</string>
			<key>name</key>
			<string>XCTest.framework</string>
			<key>path</key>
			<string>Library/Frameworks/XCTest.framework</string>
			<key>sourceTree</key>
			<string>DEVELOPER_DIR</string>
		</dict>
		<key>8F6858E018AE216D0056D91D</key>
		<dict>
			<key>fileRef</key>
			<string>8F6858DF18AE216D0056D91D</string>
			<key>isa</key>
			<string>PBXBuildFile</string>
		</dict>
		<key>8F6858E118AE216D0056D91D</key>
		<dict>
			<key>fileRef</key>
			<string>8F6858C018AE216C0056D91D</string>
			<key>isa</key>
			<string>PBXBuildFile</string>
		</dict>
		<key>8F6858E218AE216D0056D91D</key>
		<dict>
			<key>fileRef</key>
			<string>8F6858C418AE216C0056D91D</string>
			<key>isa</key>
			<string>PBXBuildFile</string>
		</dict>
		<key>8F6858E318AE216D0056D91D</key>
		<dict>
			<key>containerPortal</key>
			<string>8F6858B518AE216C0056D91D</string>
			<key>isa</key>
			<string>PBXContainerItemProxy</string>
			<key>proxyType</key>
			<string>1</string>
			<key>remoteGlobalIDString</key>
			<string>8F6858BC18AE216C0056D91D</string>
			<key>remoteInfo</key>
			<string>PutTheSound</string>
		</dict>
		<key>8F6858E418AE216D0056D91D</key>
		<dict>
			<key>isa</key>
			<string>PBXTargetDependency</string>
			<key>target</key>
			<string>8F6858BC18AE216C0056D91D</string>
			<key>targetProxy</key>
			<string>8F6858E318AE216D0056D91D</string>
		</dict>
		<key>8F6858E518AE216D0056D91D</key>
		<dict>
			<key>children</key>
			<array>
				<string>8F6858EB18AE216D0056D91D</string>
				<string>8F6858E618AE216D0056D91D</string>
			</array>
			<key>isa</key>
			<string>PBXGroup</string>
			<key>path</key>
			<string>PutTheSoundTests</string>
			<key>sourceTree</key>
			<string>&lt;group&gt;</string>
		</dict>
		<key>8F6858E618AE216D0056D91D</key>
		<dict>
			<key>children</key>
			<array>
				<string>8F6858E718AE216D0056D91D</string>
				<string>8F6858E818AE216D0056D91D</string>
			</array>
			<key>isa</key>
			<string>PBXGroup</string>
			<key>name</key>
			<string>Supporting Files</string>
			<key>sourceTree</key>
			<string>&lt;group&gt;</string>
		</dict>
		<key>8F6858E718AE216D0056D91D</key>
		<dict>
			<key>isa</key>
			<string>PBXFileReference</string>
			<key>lastKnownFileType</key>
			<string>text.plist.xml</string>
			<key>path</key>
			<string>PutTheSoundTests-Info.plist</string>
			<key>sourceTree</key>
			<string>&lt;group&gt;</string>
		</dict>
		<key>8F6858E818AE216D0056D91D</key>
		<dict>
			<key>children</key>
			<array>
				<string>8F6858E918AE216D0056D91D</string>
			</array>
			<key>isa</key>
			<string>PBXVariantGroup</string>
			<key>name</key>
			<string>InfoPlist.strings</string>
			<key>sourceTree</key>
			<string>&lt;group&gt;</string>
		</dict>
		<key>8F6858E918AE216D0056D91D</key>
		<dict>
			<key>isa</key>
			<string>PBXFileReference</string>
			<key>lastKnownFileType</key>
			<string>text.plist.strings</string>
			<key>name</key>
			<string>en</string>
			<key>path</key>
			<string>en.lproj/InfoPlist.strings</string>
			<key>sourceTree</key>
			<string>&lt;group&gt;</string>
		</dict>
		<key>8F6858EA18AE216D0056D91D</key>
		<dict>
			<key>fileRef</key>
			<string>8F6858E818AE216D0056D91D</string>
			<key>isa</key>
			<string>PBXBuildFile</string>
		</dict>
		<key>8F6858EB18AE216D0056D91D</key>
		<dict>
			<key>isa</key>
			<string>PBXFileReference</string>
			<key>lastKnownFileType</key>
			<string>sourcecode.c.objc</string>
			<key>path</key>
			<string>PutTheSoundTests.m</string>
			<key>sourceTree</key>
			<string>&lt;group&gt;</string>
		</dict>
		<key>8F6858EC18AE216D0056D91D</key>
		<dict>
			<key>fileRef</key>
			<string>8F6858EB18AE216D0056D91D</string>
			<key>isa</key>
			<string>PBXBuildFile</string>
		</dict>
		<key>8F6858ED18AE216D0056D91D</key>
		<dict>
			<key>buildSettings</key>
			<dict>
				<key>ALWAYS_SEARCH_USER_PATHS</key>
				<string>NO</string>
				<key>ARCHS</key>
				<string>$(ARCHS_STANDARD_INCLUDING_64_BIT)</string>
				<key>CLANG_CXX_LANGUAGE_STANDARD</key>
				<string>gnu++0x</string>
				<key>CLANG_CXX_LIBRARY</key>
				<string>libc++</string>
				<key>CLANG_ENABLE_MODULES</key>
				<string>YES</string>
				<key>CLANG_ENABLE_OBJC_ARC</key>
				<string>YES</string>
				<key>CLANG_WARN_BOOL_CONVERSION</key>
				<string>YES</string>
				<key>CLANG_WARN_CONSTANT_CONVERSION</key>
				<string>YES</string>
				<key>CLANG_WARN_DIRECT_OBJC_ISA_USAGE</key>
				<string>YES_ERROR</string>
				<key>CLANG_WARN_EMPTY_BODY</key>
				<string>YES</string>
				<key>CLANG_WARN_ENUM_CONVERSION</key>
				<string>YES</string>
				<key>CLANG_WARN_INT_CONVERSION</key>
				<string>YES</string>
				<key>CLANG_WARN_OBJC_ROOT_CLASS</key>
				<string>YES_ERROR</string>
				<key>CLANG_WARN__DUPLICATE_METHOD_MATCH</key>
				<string>YES</string>
				<key>CODE_SIGN_IDENTITY[sdk=iphoneos*]</key>
				<string>iPhone Developer</string>
				<key>COPY_PHASE_STRIP</key>
				<string>NO</string>
				<key>GCC_C_LANGUAGE_STANDARD</key>
				<string>gnu99</string>
				<key>GCC_DYNAMIC_NO_PIC</key>
				<string>NO</string>
				<key>GCC_OPTIMIZATION_LEVEL</key>
				<string>0</string>
				<key>GCC_PREPROCESSOR_DEFINITIONS</key>
				<array>
					<string>DEBUG=1</string>
					<string>$(inherited)</string>
				</array>
				<key>GCC_SYMBOLS_PRIVATE_EXTERN</key>
				<string>NO</string>
				<key>GCC_WARN_64_TO_32_BIT_CONVERSION</key>
				<string>YES</string>
				<key>GCC_WARN_ABOUT_RETURN_TYPE</key>
				<string>YES_ERROR</string>
				<key>GCC_WARN_UNDECLARED_SELECTOR</key>
				<string>YES</string>
				<key>GCC_WARN_UNINITIALIZED_AUTOS</key>
				<string>YES</string>
				<key>GCC_WARN_UNUSED_FUNCTION</key>
				<string>YES</string>
				<key>GCC_WARN_UNUSED_VARIABLE</key>
				<string>YES</string>
				<key>IPHONEOS_DEPLOYMENT_TARGET</key>
				<string>7.0</string>
				<key>ONLY_ACTIVE_ARCH</key>
				<string>YES</string>
				<key>SDKROOT</key>
				<string>iphoneos</string>
			</dict>
			<key>isa</key>
			<string>XCBuildConfiguration</string>
			<key>name</key>
			<string>Debug</string>
		</dict>
		<key>8F6858EE18AE216D0056D91D</key>
		<dict>
			<key>buildSettings</key>
			<dict>
				<key>ALWAYS_SEARCH_USER_PATHS</key>
				<string>NO</string>
				<key>ARCHS</key>
				<string>$(ARCHS_STANDARD_INCLUDING_64_BIT)</string>
				<key>CLANG_CXX_LANGUAGE_STANDARD</key>
				<string>gnu++0x</string>
				<key>CLANG_CXX_LIBRARY</key>
				<string>libc++</string>
				<key>CLANG_ENABLE_MODULES</key>
				<string>YES</string>
				<key>CLANG_ENABLE_OBJC_ARC</key>
				<string>YES</string>
				<key>CLANG_WARN_BOOL_CONVERSION</key>
				<string>YES</string>
				<key>CLANG_WARN_CONSTANT_CONVERSION</key>
				<string>YES</string>
				<key>CLANG_WARN_DIRECT_OBJC_ISA_USAGE</key>
				<string>YES_ERROR</string>
				<key>CLANG_WARN_EMPTY_BODY</key>
				<string>YES</string>
				<key>CLANG_WARN_ENUM_CONVERSION</key>
				<string>YES</string>
				<key>CLANG_WARN_INT_CONVERSION</key>
				<string>YES</string>
				<key>CLANG_WARN_OBJC_ROOT_CLASS</key>
				<string>YES_ERROR</string>
				<key>CLANG_WARN__DUPLICATE_METHOD_MATCH</key>
				<string>YES</string>
				<key>CODE_SIGN_IDENTITY[sdk=iphoneos*]</key>
				<string>iPhone Developer</string>
				<key>COPY_PHASE_STRIP</key>
				<string>YES</string>
				<key>ENABLE_NS_ASSERTIONS</key>
				<string>NO</string>
				<key>GCC_C_LANGUAGE_STANDARD</key>
				<string>gnu99</string>
				<key>GCC_WARN_64_TO_32_BIT_CONVERSION</key>
				<string>YES</string>
				<key>GCC_WARN_ABOUT_RETURN_TYPE</key>
				<string>YES_ERROR</string>
				<key>GCC_WARN_UNDECLARED_SELECTOR</key>
				<string>YES</string>
				<key>GCC_WARN_UNINITIALIZED_AUTOS</key>
				<string>YES</string>
				<key>GCC_WARN_UNUSED_FUNCTION</key>
				<string>YES</string>
				<key>GCC_WARN_UNUSED_VARIABLE</key>
				<string>YES</string>
				<key>IPHONEOS_DEPLOYMENT_TARGET</key>
				<string>7.0</string>
				<key>SDKROOT</key>
				<string>iphoneos</string>
				<key>VALIDATE_PRODUCT</key>
				<string>YES</string>
			</dict>
			<key>isa</key>
			<string>XCBuildConfiguration</string>
			<key>name</key>
			<string>Release</string>
		</dict>
		<key>8F6858EF18AE216D0056D91D</key>
		<dict>
			<key>buildConfigurations</key>
			<array>
				<string>8F6858F018AE216D0056D91D</string>
				<string>8F6858F118AE216D0056D91D</string>
			</array>
			<key>defaultConfigurationIsVisible</key>
			<string>0</string>
			<key>defaultConfigurationName</key>
			<string>Release</string>
			<key>isa</key>
			<string>XCConfigurationList</string>
		</dict>
		<key>8F6858F018AE216D0056D91D</key>
		<dict>
			<key>baseConfigurationReference</key>
			<string>27924284C724403C9FDAAD60</string>
			<key>buildSettings</key>
			<dict>
				<key>ASSETCATALOG_COMPILER_APPICON_NAME</key>
				<string>AppIcon</string>
				<key>ASSETCATALOG_COMPILER_LAUNCHIMAGE_NAME</key>
				<string>LaunchImage</string>
				<key>CODE_SIGN_IDENTITY</key>
				<string>iPhone Developer</string>
				<key>GCC_PRECOMPILE_PREFIX_HEADER</key>
				<string>YES</string>
				<key>GCC_PREFIX_HEADER</key>
				<string>PutTheSound/PutTheSound-Prefix.pch</string>
				<key>INFOPLIST_FILE</key>
				<string>PutTheSound/PutTheSound-Info.plist</string>
				<key>PRODUCT_NAME</key>
				<string>$(TARGET_NAME)</string>
				<key>WRAPPER_EXTENSION</key>
				<string>app</string>
			</dict>
			<key>isa</key>
			<string>XCBuildConfiguration</string>
			<key>name</key>
			<string>Debug</string>
		</dict>
		<key>8F6858F118AE216D0056D91D</key>
		<dict>
			<key>baseConfigurationReference</key>
			<string>27924284C724403C9FDAAD60</string>
			<key>buildSettings</key>
			<dict>
				<key>ASSETCATALOG_COMPILER_APPICON_NAME</key>
				<string>AppIcon</string>
				<key>ASSETCATALOG_COMPILER_LAUNCHIMAGE_NAME</key>
				<string>LaunchImage</string>
				<key>CODE_SIGN_IDENTITY</key>
				<string>iPhone Developer</string>
				<key>GCC_PRECOMPILE_PREFIX_HEADER</key>
				<string>YES</string>
				<key>GCC_PREFIX_HEADER</key>
				<string>PutTheSound/PutTheSound-Prefix.pch</string>
				<key>INFOPLIST_FILE</key>
				<string>PutTheSound/PutTheSound-Info.plist</string>
				<key>PRODUCT_NAME</key>
				<string>$(TARGET_NAME)</string>
				<key>WRAPPER_EXTENSION</key>
				<string>app</string>
			</dict>
			<key>isa</key>
			<string>XCBuildConfiguration</string>
			<key>name</key>
			<string>Release</string>
		</dict>
		<key>8F6858F218AE216D0056D91D</key>
		<dict>
			<key>buildConfigurations</key>
			<array>
				<string>8F6858F318AE216D0056D91D</string>
				<string>8F6858F418AE216D0056D91D</string>
			</array>
			<key>defaultConfigurationIsVisible</key>
			<string>0</string>
			<key>defaultConfigurationName</key>
			<string>Release</string>
			<key>isa</key>
			<string>XCConfigurationList</string>
		</dict>
		<key>8F6858F318AE216D0056D91D</key>
		<dict>
			<key>buildSettings</key>
			<dict>
				<key>ARCHS</key>
				<string>$(ARCHS_STANDARD_INCLUDING_64_BIT)</string>
				<key>BUNDLE_LOADER</key>
				<string>$(BUILT_PRODUCTS_DIR)/PutTheSound.app/PutTheSound</string>
				<key>FRAMEWORK_SEARCH_PATHS</key>
				<array>
					<string>$(SDKROOT)/Developer/Library/Frameworks</string>
					<string>$(inherited)</string>
					<string>$(DEVELOPER_FRAMEWORKS_DIR)</string>
				</array>
				<key>GCC_PRECOMPILE_PREFIX_HEADER</key>
				<string>YES</string>
				<key>GCC_PREFIX_HEADER</key>
				<string>PutTheSound/PutTheSound-Prefix.pch</string>
				<key>GCC_PREPROCESSOR_DEFINITIONS</key>
				<array>
					<string>DEBUG=1</string>
					<string>$(inherited)</string>
				</array>
				<key>INFOPLIST_FILE</key>
				<string>PutTheSoundTests/PutTheSoundTests-Info.plist</string>
				<key>PRODUCT_NAME</key>
				<string>$(TARGET_NAME)</string>
				<key>TEST_HOST</key>
				<string>$(BUNDLE_LOADER)</string>
				<key>WRAPPER_EXTENSION</key>
				<string>xctest</string>
			</dict>
			<key>isa</key>
			<string>XCBuildConfiguration</string>
			<key>name</key>
			<string>Debug</string>
		</dict>
		<key>8F6858F418AE216D0056D91D</key>
		<dict>
			<key>buildSettings</key>
			<dict>
				<key>ARCHS</key>
				<string>$(ARCHS_STANDARD_INCLUDING_64_BIT)</string>
				<key>BUNDLE_LOADER</key>
				<string>$(BUILT_PRODUCTS_DIR)/PutTheSound.app/PutTheSound</string>
				<key>FRAMEWORK_SEARCH_PATHS</key>
				<array>
					<string>$(SDKROOT)/Developer/Library/Frameworks</string>
					<string>$(inherited)</string>
					<string>$(DEVELOPER_FRAMEWORKS_DIR)</string>
				</array>
				<key>GCC_PRECOMPILE_PREFIX_HEADER</key>
				<string>YES</string>
				<key>GCC_PREFIX_HEADER</key>
				<string>PutTheSound/PutTheSound-Prefix.pch</string>
				<key>INFOPLIST_FILE</key>
				<string>PutTheSoundTests/PutTheSoundTests-Info.plist</string>
				<key>PRODUCT_NAME</key>
				<string>$(TARGET_NAME)</string>
				<key>TEST_HOST</key>
				<string>$(BUNDLE_LOADER)</string>
				<key>WRAPPER_EXTENSION</key>
				<string>xctest</string>
			</dict>
			<key>isa</key>
			<string>XCBuildConfiguration</string>
			<key>name</key>
			<string>Release</string>
		</dict>
		<key>8F6858F518AE217D0056D91D</key>
		<dict>
			<key>isa</key>
			<string>PBXFileReference</string>
			<key>lastKnownFileType</key>
			<string>wrapper.framework</string>
			<key>name</key>
			<string>AVFoundation.framework</string>
			<key>path</key>
			<string>System/Library/Frameworks/AVFoundation.framework</string>
			<key>sourceTree</key>
			<string>SDKROOT</string>
		</dict>
		<key>8F6858F618AE217E0056D91D</key>
		<dict>
			<key>fileRef</key>
			<string>8F6858F518AE217D0056D91D</string>
			<key>isa</key>
			<string>PBXBuildFile</string>
		</dict>
		<key>8F6858F718AE271A0056D91D</key>
		<dict>
			<key>fileEncoding</key>
			<string>4</string>
			<key>isa</key>
			<string>PBXFileReference</string>
			<key>lastKnownFileType</key>
			<string>sourcecode.c.h</string>
			<key>path</key>
			<string>PTSRecommendViewController.h</string>
			<key>sourceTree</key>
			<string>&lt;group&gt;</string>
		</dict>
		<key>8F6858F818AE271A0056D91D</key>
		<dict>
			<key>fileEncoding</key>
			<string>4</string>
			<key>isa</key>
			<string>PBXFileReference</string>
			<key>lastKnownFileType</key>
			<string>sourcecode.c.objc</string>
			<key>path</key>
			<string>PTSRecommendViewController.m</string>
			<key>sourceTree</key>
			<string>&lt;group&gt;</string>
		</dict>
		<key>8F6858F918AE271A0056D91D</key>
		<dict>
			<key>fileRef</key>
			<string>8F6858F818AE271A0056D91D</string>
			<key>isa</key>
			<string>PBXBuildFile</string>
		</dict>
		<key>8F6858FA18AE272D0056D91D</key>
		<dict>
			<key>fileEncoding</key>
			<string>4</string>
			<key>isa</key>
			<string>PBXFileReference</string>
			<key>lastKnownFileType</key>
			<string>sourcecode.c.h</string>
			<key>path</key>
			<string>PTSPlayListViewController.h</string>
			<key>sourceTree</key>
			<string>&lt;group&gt;</string>
		</dict>
		<key>8F6858FB18AE272D0056D91D</key>
		<dict>
			<key>fileEncoding</key>
			<string>4</string>
			<key>isa</key>
			<string>PBXFileReference</string>
			<key>lastKnownFileType</key>
			<string>sourcecode.c.objc</string>
			<key>path</key>
			<string>PTSPlayListViewController.m</string>
			<key>sourceTree</key>
			<string>&lt;group&gt;</string>
		</dict>
		<key>8F6858FC18AE272D0056D91D</key>
		<dict>
			<key>fileRef</key>
			<string>8F6858FB18AE272D0056D91D</string>
			<key>isa</key>
			<string>PBXBuildFile</string>
		</dict>
		<key>8F6858FD18AE27330056D91D</key>
		<dict>
			<key>children</key>
			<array>
				<string>8F68590818AE3BC60056D91D</string>
				<string>8F6858F718AE271A0056D91D</string>
				<string>8F6858F818AE271A0056D91D</string>
			</array>
			<key>isa</key>
			<string>PBXGroup</string>
			<key>name</key>
			<string>RecommenView</string>
			<key>sourceTree</key>
			<string>&lt;group&gt;</string>
		</dict>
		<key>8F6858FE18AE27450056D91D</key>
		<dict>
			<key>children</key>
			<array>
				<string>8F6858FA18AE272D0056D91D</string>
				<string>8F6858FB18AE272D0056D91D</string>
			</array>
			<key>isa</key>
			<string>PBXGroup</string>
			<key>name</key>
			<string>PlayListView</string>
			<key>sourceTree</key>
			<string>&lt;group&gt;</string>
		</dict>
		<key>8F6858FF18AE27510056D91D</key>
		<dict>
			<key>children</key>
			<array>
				<string>8F6858D518AE216D0056D91D</string>
				<string>8F6858D618AE216D0056D91D</string>
			</array>
			<key>isa</key>
			<string>PBXGroup</string>
			<key>name</key>
			<string>MusicControlView</string>
			<key>sourceTree</key>
			<string>&lt;group&gt;</string>
		</dict>
		<key>8F68590018AE29710056D91D</key>
		<dict>
			<key>children</key>
			<array>
				<string>8F68590118AE29850056D91D</string>
				<string>8F68590218AE29850056D91D</string>
			</array>
			<key>isa</key>
			<string>PBXGroup</string>
			<key>name</key>
			<string>Category</string>
			<key>sourceTree</key>
			<string>&lt;group&gt;</string>
		</dict>
		<key>8F68590118AE29850056D91D</key>
		<dict>
			<key>fileEncoding</key>
			<string>4</string>
			<key>isa</key>
			<string>PBXFileReference</string>
			<key>lastKnownFileType</key>
			<string>sourcecode.c.h</string>
			<key>path</key>
			<string>UIColor+Hex.h</string>
			<key>sourceTree</key>
			<string>&lt;group&gt;</string>
		</dict>
		<key>8F68590218AE29850056D91D</key>
		<dict>
			<key>fileEncoding</key>
			<string>4</string>
			<key>isa</key>
			<string>PBXFileReference</string>
			<key>lastKnownFileType</key>
			<string>sourcecode.c.objc</string>
			<key>path</key>
			<string>UIColor+Hex.m</string>
			<key>sourceTree</key>
			<string>&lt;group&gt;</string>
		</dict>
		<key>8F68590318AE29850056D91D</key>
		<dict>
			<key>fileRef</key>
			<string>8F68590218AE29850056D91D</string>
			<key>isa</key>
			<string>PBXBuildFile</string>
		</dict>
		<key>8F68590418AE3B990056D91D</key>
		<dict>
			<key>children</key>
			<array>
				<string>8F68590518AE3BA40056D91D</string>
				<string>8F68590618AE3BA40056D91D</string>
			</array>
			<key>isa</key>
			<string>PBXGroup</string>
			<key>name</key>
			<string>Util</string>
			<key>sourceTree</key>
			<string>&lt;group&gt;</string>
		</dict>
		<key>8F68590518AE3BA40056D91D</key>
		<dict>
			<key>fileEncoding</key>
			<string>4</string>
			<key>isa</key>
			<string>PBXFileReference</string>
			<key>lastKnownFileType</key>
			<string>sourcecode.c.h</string>
			<key>path</key>
			<string>SCOUtilImageView.h</string>
			<key>sourceTree</key>
			<string>&lt;group&gt;</string>
		</dict>
		<key>8F68590618AE3BA40056D91D</key>
		<dict>
			<key>fileEncoding</key>
			<string>4</string>
			<key>isa</key>
			<string>PBXFileReference</string>
			<key>lastKnownFileType</key>
			<string>sourcecode.c.objc</string>
			<key>path</key>
			<string>SCOUtilImageView.m</string>
			<key>sourceTree</key>
			<string>&lt;group&gt;</string>
		</dict>
		<key>8F68590718AE3BA40056D91D</key>
		<dict>
			<key>fileRef</key>
			<string>8F68590618AE3BA40056D91D</string>
			<key>isa</key>
			<string>PBXBuildFile</string>
		</dict>
		<key>8F68590818AE3BC60056D91D</key>
		<dict>
			<key>children</key>
			<array>
				<string>8F68590918AE3BEB0056D91D</string>
				<string>8F68590A18AE3BEB0056D91D</string>
			</array>
			<key>isa</key>
			<string>PBXGroup</string>
			<key>name</key>
			<string>Model</string>
			<key>sourceTree</key>
			<string>&lt;group&gt;</string>
		</dict>
		<key>8F68590918AE3BEB0056D91D</key>
		<dict>
			<key>fileEncoding</key>
			<string>4</string>
			<key>isa</key>
			<string>PBXFileReference</string>
			<key>lastKnownFileType</key>
			<string>sourcecode.c.h</string>
			<key>path</key>
			<string>PTSRecommendAPIManager.h</string>
			<key>sourceTree</key>
			<string>&lt;group&gt;</string>
		</dict>
		<key>8F68590A18AE3BEB0056D91D</key>
		<dict>
			<key>fileEncoding</key>
			<string>4</string>
			<key>isa</key>
			<string>PBXFileReference</string>
			<key>lastKnownFileType</key>
			<string>sourcecode.c.objc</string>
			<key>path</key>
			<string>PTSRecommendAPIManager.m</string>
			<key>sourceTree</key>
			<string>&lt;group&gt;</string>
		</dict>
		<key>8F68590B18AE3BEB0056D91D</key>
		<dict>
			<key>fileRef</key>
			<string>8F68590A18AE3BEB0056D91D</string>
			<key>isa</key>
			<string>PBXBuildFile</string>
		</dict>
		<key>D9F5C767304B4ADB958806A5</key>
		<dict>
			<key>buildActionMask</key>
			<string>2147483647</string>
			<key>files</key>
			<array/>
			<key>inputPaths</key>
			<array/>
			<key>isa</key>
			<string>PBXShellScriptBuildPhase</string>
			<key>name</key>
			<string>Check Pods Manifest.lock</string>
			<key>outputPaths</key>
			<array/>
			<key>runOnlyForDeploymentPostprocessing</key>
			<string>0</string>
			<key>shellPath</key>
			<string>/bin/sh</string>
			<key>shellScript</key>
			<string>diff "${PODS_ROOT}/../Podfile.lock" "${PODS_ROOT}/Manifest.lock" &gt; /dev/null
if [[ $? != 0 ]] ; then
    cat &lt;&lt; EOM
error: The sandbox is not in sync with the Podfile.lock. Run 'pod install' or update your CocoaPods installation.
EOM
    exit 1
fi
</string>
			<key>showEnvVarsInLog</key>
			<string>0</string>
		</dict>
	</dict>
	<key>rootObject</key>
	<string>8F6858B518AE216C0056D91D</string>
</dict>
</plist>
